
Microsoft Visual Studio Solution File, Format Version 12.00
# Visual Studio Version 17
VisualStudioVersion = 17.9.34728.123
MinimumVisualStudioVersion = 10.0.40219.1
Project("{FAE04EC0-301F-11D3-BF4B-00C04F79EFBC}") = "ItlaProyec", "ItlaProyec.csproj", "{BE767BDD-B2AF-4786-B353-FFC6C811EC46}"
EndProject
Global
	GlobalSection(SolutionConfigurationPlatforms) = preSolution
		Debug|Any CPU = Debug|Any CPU
		Release|Any CPU = Release|Any CPU
	EndGlobalSection
	GlobalSection(ProjectConfigurationPlatforms) = postSolution
		{BE767BDD-B2AF-4786-B353-FFC6C811EC46}.Debug|Any CPU.ActiveCfg = Debug|Any CPU
		{BE767BDD-B2AF-4786-B353-FFC6C811EC46}.Debug|Any CPU.Build.0 = Debug|Any CPU
		{BE767BDD-B2AF-4786-B353-FFC6C811EC46}.Release|Any CPU.ActiveCfg = Release|Any CPU
		{BE767BDD-B2AF-4786-B353-FFC6C811EC46}.Release|Any CPU.Build.0 = Release|Any CPU
	EndGlobalSection
	GlobalSection(SolutionProperties) = preSolution
		HideSolutionNode = FALSE
	EndGlobalSection
	GlobalSection(ExtensibilityGlobals) = postSolution
		SolutionGuid = {A9683C7B-FAFF-4350-A8EC-1E6D026BBC39}
	EndGlobalSection
EndGlobal
